
Microsoft Visual Studio Solution File, Format Version 12.00
# Visual Studio Version 17
VisualStudioVersion = 17.6.33723.286
MinimumVisualStudioVersion = 10.0.40219.1
Project("{FAE04EC0-301F-11D3-BF4B-00C04F79EFBC}") = "XcaretHelpers", "Xcaret.ClientHTTP\XcaretHelpers.csproj", "{7AC7CB24-A1A3-40D7-9E39-FB1D27649F08}"
EndProject
Project("{FAE04EC0-301F-11D3-BF4B-00C04F79EFBC}") = "TestConsole", "TestConsole\TestConsole.csproj", "{0322B67C-3FD4-4990-8810-03720BB49467}"
EndProject
Global
	GlobalSection(SolutionConfigurationPlatforms) = preSolution
		Debug|Any CPU = Debug|Any CPU
		Release|Any CPU = Release|Any CPU
	EndGlobalSection
	GlobalSection(ProjectConfigurationPlatforms) = postSolution
		{7AC7CB24-A1A3-40D7-9E39-FB1D27649F08}.Debug|Any CPU.ActiveCfg = Debug|Any CPU
		{7AC7CB24-A1A3-40D7-9E39-FB1D27649F08}.Debug|Any CPU.Build.0 = Debug|Any CPU
		{7AC7CB24-A1A3-40D7-9E39-FB1D27649F08}.Release|Any CPU.ActiveCfg = Release|Any CPU
		{7AC7CB24-A1A3-40D7-9E39-FB1D27649F08}.Release|Any CPU.Build.0 = Release|Any CPU
		{0322B67C-3FD4-4990-8810-03720BB49467}.Debug|Any CPU.ActiveCfg = Debug|Any CPU
		{0322B67C-3FD4-4990-8810-03720BB49467}.Debug|Any CPU.Build.0 = Debug|Any CPU
		{0322B67C-3FD4-4990-8810-03720BB49467}.Release|Any CPU.ActiveCfg = Release|Any CPU
		{0322B67C-3FD4-4990-8810-03720BB49467}.Release|Any CPU.Build.0 = Release|Any CPU
	EndGlobalSection
	GlobalSection(SolutionProperties) = preSolution
		HideSolutionNode = FALSE
	EndGlobalSection
	GlobalSection(ExtensibilityGlobals) = postSolution
		SolutionGuid = {A9D93300-5559-41C6-9BAE-1E9EF85D429D}
	EndGlobalSection
EndGlobal
